
Microsoft Visual Studio Solution File, Format Version 12.00
# Visual Studio Version 17
VisualStudioVersion = 17.4.33110.190
MinimumVisualStudioVersion = 10.0.40219.1
Project("{FAE04EC0-301F-11D3-BF4B-00C04F79EFBC}") = "MoodAnalyzerProblem", "MoodAnalyzerProblem\MoodAnalyzerProblem.csproj", "{675BA115-8F94-4EA9-9D91-F790584504A5}"
EndProject
Project("{FAE04EC0-301F-11D3-BF4B-00C04F79EFBC}") = "MoodTest", "MoodTest\MoodTest.csproj", "{61EBEA31-07FF-422C-899A-0D4831223D1A}"
EndProject
Global
	GlobalSection(SolutionConfigurationPlatforms) = preSolution
		Debug|Any CPU = Debug|Any CPU
		Release|Any CPU = Release|Any CPU
	EndGlobalSection
	GlobalSection(ProjectConfigurationPlatforms) = postSolution
		{675BA115-8F94-4EA9-9D91-F790584504A5}.Debug|Any CPU.ActiveCfg = Debug|Any CPU
		{675BA115-8F94-4EA9-9D91-F790584504A5}.Debug|Any CPU.Build.0 = Debug|Any CPU
		{675BA115-8F94-4EA9-9D91-F790584504A5}.Release|Any CPU.ActiveCfg = Release|Any CPU
		{675BA115-8F94-4EA9-9D91-F790584504A5}.Release|Any CPU.Build.0 = Release|Any CPU
		{61EBEA31-07FF-422C-899A-0D4831223D1A}.Debug|Any CPU.ActiveCfg = Debug|Any CPU
		{61EBEA31-07FF-422C-899A-0D4831223D1A}.Debug|Any CPU.Build.0 = Debug|Any CPU
		{61EBEA31-07FF-422C-899A-0D4831223D1A}.Release|Any CPU.ActiveCfg = Release|Any CPU
		{61EBEA31-07FF-422C-899A-0D4831223D1A}.Release|Any CPU.Build.0 = Release|Any CPU
	EndGlobalSection
	GlobalSection(SolutionProperties) = preSolution
		HideSolutionNode = FALSE
	EndGlobalSection
	GlobalSection(ExtensibilityGlobals) = postSolution
		SolutionGuid = {96A97D92-0798-4FDF-8209-1E7C0CC631AD}
	EndGlobalSection
EndGlobal
